
Microsoft Visual Studio Solution File, Format Version 12.00
# Visual Studio Version 16
VisualStudioVersion = 16.0.31205.134
MinimumVisualStudioVersion = 10.0.40219.1
Project("{FAE04EC0-301F-11D3-BF4B-00C04F79EFBC}") = "OneAway_1_5", "OneAway_1_5\OneAway_1_5.csproj", "{D10E59CD-5CD0-4E96-889D-59CDED507022}"
EndProject
Global
	GlobalSection(SolutionConfigurationPlatforms) = preSolution
		Debug|Any CPU = Debug|Any CPU
		Release|Any CPU = Release|Any CPU
	EndGlobalSection
	GlobalSection(ProjectConfigurationPlatforms) = postSolution
		{D10E59CD-5CD0-4E96-889D-59CDED507022}.Debug|Any CPU.ActiveCfg = Debug|Any CPU
		{D10E59CD-5CD0-4E96-889D-59CDED507022}.Debug|Any CPU.Build.0 = Debug|Any CPU
		{D10E59CD-5CD0-4E96-889D-59CDED507022}.Release|Any CPU.ActiveCfg = Release|Any CPU
		{D10E59CD-5CD0-4E96-889D-59CDED507022}.Release|Any CPU.Build.0 = Release|Any CPU
	EndGlobalSection
	GlobalSection(SolutionProperties) = preSolution
		HideSolutionNode = FALSE
	EndGlobalSection
	GlobalSection(ExtensibilityGlobals) = postSolution
		SolutionGuid = {7D9CD9E6-C8BA-44D6-AF96-7BFC5D7B5D54}
	EndGlobalSection
EndGlobal
