
Microsoft Visual Studio Solution File, Format Version 12.00
# Visual Studio Version 16
VisualStudioVersion = 16.0.30503.244
MinimumVisualStudioVersion = 10.0.40219.1
Project("{FAE04EC0-301F-11D3-BF4B-00C04F79EFBC}") = "Classes-Person-Practice", "Classes-Person-Practice.csproj", "{1CFEB403-5065-4C19-94B7-166FA3A99C64}"
EndProject
Global
	GlobalSection(SolutionConfigurationPlatforms) = preSolution
		Debug|Any CPU = Debug|Any CPU
		Release|Any CPU = Release|Any CPU
	EndGlobalSection
	GlobalSection(ProjectConfigurationPlatforms) = postSolution
		{1CFEB403-5065-4C19-94B7-166FA3A99C64}.Debug|Any CPU.ActiveCfg = Debug|Any CPU
		{1CFEB403-5065-4C19-94B7-166FA3A99C64}.Debug|Any CPU.Build.0 = Debug|Any CPU
		{1CFEB403-5065-4C19-94B7-166FA3A99C64}.Release|Any CPU.ActiveCfg = Release|Any CPU
		{1CFEB403-5065-4C19-94B7-166FA3A99C64}.Release|Any CPU.Build.0 = Release|Any CPU
	EndGlobalSection
	GlobalSection(SolutionProperties) = preSolution
		HideSolutionNode = FALSE
	EndGlobalSection
	GlobalSection(ExtensibilityGlobals) = postSolution
		SolutionGuid = {40BA3CDB-D4FC-4BB8-B014-C0AB773AB566}
	EndGlobalSection
EndGlobal
