
Microsoft Visual Studio Solution File, Format Version 12.00
# Visual Studio Version 16
VisualStudioVersion = 16.0.30503.244
MinimumVisualStudioVersion = 10.0.40219.1
Project("{FAE04EC0-301F-11D3-BF4B-00C04F79EFBC}") = "ArrayImplementation", "ArrayImplementation.csproj", "{616B7052-F560-4122-AC73-3921E3800BB1}"
EndProject
Global
	GlobalSection(SolutionConfigurationPlatforms) = preSolution
		Debug|Any CPU = Debug|Any CPU
		Release|Any CPU = Release|Any CPU
	EndGlobalSection
	GlobalSection(ProjectConfigurationPlatforms) = postSolution
		{616B7052-F560-4122-AC73-3921E3800BB1}.Debug|Any CPU.ActiveCfg = Debug|Any CPU
		{616B7052-F560-4122-AC73-3921E3800BB1}.Debug|Any CPU.Build.0 = Debug|Any CPU
		{616B7052-F560-4122-AC73-3921E3800BB1}.Release|Any CPU.ActiveCfg = Release|Any CPU
		{616B7052-F560-4122-AC73-3921E3800BB1}.Release|Any CPU.Build.0 = Release|Any CPU
	EndGlobalSection
	GlobalSection(SolutionProperties) = preSolution
		HideSolutionNode = FALSE
	EndGlobalSection
	GlobalSection(ExtensibilityGlobals) = postSolution
		SolutionGuid = {5445DADF-26CB-424B-B9D2-9E782269C4FF}
	EndGlobalSection
EndGlobal
